// !$*UTF8*$!
{
	archiveVersion = 1;
	classes = {
	};
	objectVersion = 77;
	objects = {

/* Begin PBXBuildFile section */
		9FED77C82F9CE67600CCCFCC /* SwiftGitX in Frameworks */ = {isa = PBXBuildFile; productRef = AA000001AAAA000000000001 /* SwiftGitX */; };
/* End PBXBuildFile section */

/* Begin PBXContainerItemProxy section */
		9F2D8BE12F9CAF4900CDBC71 /* PBXContainerItemProxy */ = {
			isa = PBXContainerItemProxy;
			containerPortal = 9F2D8BCB2F9CAF4800CDBC71 /* Project object */;
			proxyType = 1;
			remoteGlobalIDString = 9F2D8BD22F9CAF4800CDBC71;
			remoteInfo = "Diff Prompter";
		};
		9F2D8BEB2F9CAF4900CDBC71 /* PBXContainerItemProxy */ = {
			isa = PBXContainerItemProxy;
			containerPortal = 9F2D8BCB2F9CAF4800CDBC71 /* Project object */;
			proxyType = 1;
			remoteGlobalIDString = 9F2D8BD22F9CAF4800CDBC71;
			remoteInfo = "Diff Prompter";
		};
/* End PBXContainerItemProxy section */

/* Begin PBXFileReference section */
		9F2D8BD32F9CAF4800CDBC71 /* Diff Prompter.app */ = {isa = PBXFileReference; explicitFileType = wrapper.application; includeInIndex = 0; path = "Diff Prompter.app"; sourceTree = BUILT_PRODUCTS_DIR; };
		9F2D8BE02F9CAF4900CDBC71 /* Diff PrompterTests.xctest */ = {isa = PBXFileReference; explicitFileType = wrapper.cfbundle; includeInIndex = 0; path = "Diff PrompterTests.xctest"; sourceTree = BUILT_PRODUCTS_DIR; };
		9F2D8BEA2F9CAF4900CDBC71 /* Diff PrompterUITests.xctest */ = {isa = PBXFileReference; explicitFileType = wrapper.cfbundle; includeInIndex = 0; path = "Diff PrompterUITests.xctest"; sourceTree = BUILT_PRODUCTS_DIR; };
/* End PBXFileReference section */

/* Begin PBXFileSystemSynchronizedRootGroup section */
		9F2D8BD52F9CAF4800CDBC71 /* Diff Prompter */ = {
			isa = PBXFileSystemSynchronizedRootGroup;
			path = "Diff Prompter";
			sourceTree = "<group>";
		};
		9F2D8BE32F9CAF4900CDBC71 /* Diff PrompterTests */ = {
			isa = PBXFileSystemSynchronizedRootGroup;
			path = "Diff PrompterTests";
			sourceTree = "<group>";
		};
		9F2D8BED2F9CAF4900CDBC71 /* Diff PrompterUITests */ = {
			isa = PBXFileSystemSynchronizedRootGroup;
			path = "Diff PrompterUITests";
			sourceTree = "<group>";
		};
/* End PBXFileSystemSynchronizedRootGroup section */

/* Begin PBXFrameworksBuildPhase section */
		9F2D8BD02F9CAF4800CDBC71 /* Frameworks */ = {
			isa = PBXFrameworksBuildPhase;
			buildActionMask = 2147483647;
			files = (
				9FED77C82F9CE67600CCCFCC /* SwiftGitX in Frameworks */,
			);
			runOnlyForDeploymentPostprocessing = 0;
		};
		9F2D8BDD2F9CAF4900CDBC71 /* Frameworks */ = {
			isa = PBXFrameworksBuildPhase;
			buildActionMask = 2147483647;
			files = (
			);
			runOnlyForDeploymentPostprocessing = 0;
		};
		9F2D8BE72F9CAF4900CDBC71 /* Frameworks */ = {
			isa = PBXFrameworksBuildPhase;
			buildActionMask = 2147483647;
			files = (
			);
			runOnlyForDeploymentPostprocessing = 0;
		};
/* End PBXFrameworksBuildPhase section */

/* Begin PBXGroup section */
		9F2D8BCA2F9CAF4800CDBC71 = {
			isa = PBXGroup;
			children = (
				9F2D8BD52F9CAF4800CDBC71 /* Diff Prompter */,
				9F2D8BE32F9CAF4900CDBC71 /* Diff PrompterTests */,
				9F2D8BED2F9CAF4900CDBC71 /* Diff PrompterUITests */,
				9F2D8BD42F9CAF4800CDBC71 /* Products */,
			);
			sourceTree = "<group>";
		};
		9F2D8BD42F9CAF4800CDBC71 /* Products */ = {
			isa = PBXGroup;
			children = (
				9F2D8BD32F9CAF4800CDBC71 /* Diff Prompter.app */,
				9F2D8BE02F9CAF4900CDBC71 /* Diff PrompterTests.xctest */,
				9F2D8BEA2F9CAF4900CDBC71 /* Diff PrompterUITests.xctest */,
			);
			name = Products;
			sourceTree = "<group>";
		};
/* End PBXGroup section */

/* Begin PBXNativeTarget section */
		9F2D8BD22F9CAF4800CDBC71 /* Diff Prompter */ = {
			isa = PBXNativeTarget;
			buildConfigurationList = 9F2D8BF42F9CAF4900CDBC71 /* Build configuration list for PBXNativeTarget "Diff Prompter" */;
			buildPhases = (
				9F2D8BCF2F9CAF4800CDBC71 /* Sources */,
				9F2D8BD02F9CAF4800CDBC71 /* Frameworks */,
				9F2D8BD12F9CAF4800CDBC71 /* Resources */,
			);
			buildRules = (
			);
			dependencies = (
			);
			fileSystemSynchronizedGroups = (
				9F2D8BD52F9CAF4800CDBC71 /* Diff Prompter */,
			);
			name = "Diff Prompter";
			packageProductDependencies = (
				AA000001AAAA000000000001 /* SwiftGitX */,
			);
			productName = "Diff Prompter";
			productReference = 9F2D8BD32F9CAF4800CDBC71 /* Diff Prompter.app */;
			productType = "com.apple.product-type.application";
		};
		9F2D8BDF2F9CAF4900CDBC71 /* Diff PrompterTests */ = {
			isa = PBXNativeTarget;
			buildConfigurationList = 9F2D8BF72F9CAF4900CDBC71 /* Build configuration list for PBXNativeTarget "Diff PrompterTests" */;
			buildPhases = (
				9F2D8BDC2F9CAF4900CDBC71 /* Sources */,
				9F2D8BDD2F9CAF4900CDBC71 /* Frameworks */,
				9F2D8BDE2F9CAF4900CDBC71 /* Resources */,
			);
			buildRules = (
			);
			dependencies = (
				9F2D8BE22F9CAF4900CDBC71 /* PBXTargetDependency */,
			);
			fileSystemSynchronizedGroups = (
				9F2D8BE32F9CAF4900CDBC71 /* Diff PrompterTests */,
			);
			name = "Diff PrompterTests";
			packageProductDependencies = (
			);
			productName = "Diff PrompterTests";
			productReference = 9F2D8BE02F9CAF4900CDBC71 /* Diff PrompterTests.xctest */;
			productType = "com.apple.product-type.bundle.unit-test";
		};
		9F2D8BE92F9CAF4900CDBC71 /* Diff PrompterUITests */ = {
			isa = PBXNativeTarget;
			buildConfigurationList = 9F2D8BFA2F9CAF4900CDBC71 /* Build configuration list for PBXNativeTarget "Diff PrompterUITests" */;
			buildPhases = (
				9F2D8BE62F9CAF4900CDBC71 /* Sources */,
				9F2D8BE72F9CAF4900CDBC71 /* Frameworks */,
				9F2D8BE82F9CAF4900CDBC71 /* Resources */,
			);
			buildRules = (
			);
			dependencies = (
				9F2D8BEC2F9CAF4900CDBC71 /* PBXTargetDependency */,
			);
			fileSystemSynchronizedGroups = (
				9F2D8BED2F9CAF4900CDBC71 /* Diff PrompterUITests */,
			);
			name = "Diff PrompterUITests";
			packageProductDependencies = (
			);
			productName = "Diff PrompterUITests";
			productReference = 9F2D8BEA2F9CAF4900CDBC71 /* Diff PrompterUITests.xctest */;
			productType = "com.apple.product-type.bundle.ui-testing";
		};
/* End PBXNativeTarget section */

/* Begin PBXProject section */
		9F2D8BCB2F9CAF4800CDBC71 /* Project object */ = {
			isa = PBXProject;
			attributes = {
				BuildIndependentTargetsInParallel = 1;
				LastSwiftUpdateCheck = 2630;
				LastUpgradeCheck = 2630;
				TargetAttributes = {
					9F2D8BD22F9CAF4800CDBC71 = {
						CreatedOnToolsVersion = 26.3;
					};
					9F2D8BDF2F9CAF4900CDBC71 = {
						CreatedOnToolsVersion = 26.3;
						TestTargetID = 9F2D8BD22F9CAF4800CDBC71;
					};
					9F2D8BE92F9CAF4900CDBC71 = {
						CreatedOnToolsVersion = 26.3;
						TestTargetID = 9F2D8BD22F9CAF4800CDBC71;
					};
				};
			};
			buildConfigurationList = 9F2D8BCE2F9CAF4800CDBC71 /* Build configuration list for PBXProject "Diff Prompter" */;
			developmentRegion = en;
			hasScannedForEncodings = 0;
			knownRegions = (
				en,
				Base,
			);
			mainGroup = 9F2D8BCA2F9CAF4800CDBC71;
			minimizedProjectReferenceProxies = 1;
			packageReferences = (
				AA000002AAAA000000000002 /* XCRemoteSwiftPackageReference "SwiftGitX" */,
			);
			preferredProjectObjectVersion = 77;
			productRefGroup = 9F2D8BD42F9CAF4800CDBC71 /* Products */;
			projectDirPath = "";
			projectRoot = "";
			targets = (
				9F2D8BD22F9CAF4800CDBC71 /* Diff Prompter */,
				9F2D8BDF2F9CAF4900CDBC71 /* Diff PrompterTests */,
				9F2D8BE92F9CAF4900CDBC71 /* Diff PrompterUITests */,
			);
		};
/* End PBXProject section */

/* Begin PBXResourcesBuildPhase section */
		9F2D8BD12F9CAF4800CDBC71 /* Resources */ = {
			isa = PBXResourcesBuildPhase;
			buildActionMask = 2147483647;
			files = (
			);
			runOnlyForDeploymentPostprocessing = 0;
		};
		9F2D8BDE2F9CAF4900CDBC71 /* Resources */ = {
			isa = PBXResourcesBuildPhase;
			buildActionMask = 2147483647;
			files = (
			);
			runOnlyForDeploymentPostprocessing = 0;
		};
		9F2D8BE82F9CAF4900CDBC71 /* Resources */ = {
			isa = PBXResourcesBuildPhase;
			buildActionMask = 2147483647;
			files = (
			);
			runOnlyForDeploymentPostprocessing = 0;
		};
/* End PBXResourcesBuildPhase section */

/* Begin PBXSourcesBuildPhase section */
		9F2D8BCF2F9CAF4800CDBC71 /* Sources */ = {
			isa = PBXSourcesBuildPhase;
			buildActionMask = 2147483647;
			files = (
			);
			runOnlyForDeploymentPostprocessing = 0;
		};
		9F2D8BDC2F9CAF4900CDBC71 /* Sources */ = {
			isa = PBXSourcesBuildPhase;
			buildActionMask = 2147483647;
			files = (
			);
			runOnlyForDeploymentPostprocessing = 0;
		};
		9F2D8BE62F9CAF4900CDBC71 /* Sources */ = {
			isa = PBXSourcesBuildPhase;
			buildActionMask = 2147483647;
			files = (
			);
			runOnlyForDeploymentPostprocessing = 0;
		};
/* End PBXSourcesBuildPhase section */

/* Begin PBXTargetDependency section */
		9F2D8BE22F9CAF4900CDBC71 /* PBXTargetDependency */ = {
			isa = PBXTargetDependency;
			target = 9F2D8BD22F9CAF4800CDBC71 /* Diff Prompter */;
			targetProxy = 9F2D8BE12F9CAF4900CDBC71 /* PBXContainerItemProxy */;
		};
		9F2D8BEC2F9CAF4900CDBC71 /* PBXTargetDependency */ = {
			isa = PBXTargetDependency;
			target = 9F2D8BD22F9CAF4800CDBC71 /* Diff Prompter */;
			targetProxy = 9F2D8BEB2F9CAF4900CDBC71 /* PBXContainerItemProxy */;
		};
/* End PBXTargetDependency section */

/* Begin XCBuildConfiguration section */
		9F2D8BF22F9CAF4900CDBC71 /* Debug */ = {
			isa = XCBuildConfiguration;
			buildSettings = {
				ALWAYS_SEARCH_USER_PATHS = NO;
				ASSETCATALOG_COMPILER_GENERATE_SWIFT_ASSET_SYMBOL_EXTENSIONS = YES;
				CLANG_ANALYZER_NONNULL = YES;
				CLANG_ANALYZER_NUMBER_OBJECT_CONVERSION = YES_AGGRESSIVE;
				CLANG_CXX_LANGUAGE_STANDARD = "gnu++20";
				CLANG_ENABLE_MODULES = YES;
				CLANG_ENABLE_OBJC_ARC = YES;
				CLANG_ENABLE_OBJC_WEAK = YES;
				CLANG_WARN_BLOCK_CAPTURE_AUTORELEASING = YES;
				CLANG_WARN_BOOL_CONVERSION = YES;
				CLANG_WARN_COMMA = YES;
				CLANG_WARN_CONSTANT_CONVERSION = YES;
				CLANG_WARN_DEPRECATED_OBJC_IMPLEMENTATIONS = YES;
				CLANG_WARN_DIRECT_OBJC_ISA_USAGE = YES_ERROR;
				CLANG_WARN_DOCUMENTATION_COMMENTS = YES;
				CLANG_WARN_EMPTY_BODY = YES;
				CLANG_WARN_ENUM_CONVERSION = YES;
				CLANG_WARN_INFINITE_RECURSION = YES;
				CLANG_WARN_INT_CONVERSION = YES;
				CLANG_WARN_NON_LITERAL_NULL_CONVERSION = YES;
				CLANG_WARN_OBJC_IMPLICIT_RETAIN_SELF = YES;
				CLANG_WARN_OBJC_LITERAL_CONVERSION = YES;
				CLANG_WARN_OBJC_ROOT_CLASS = YES_ERROR;
				CLANG_WARN_QUOTED_INCLUDE_IN_FRAMEWORK_HEADER = YES;
				CLANG_WARN_RANGE_LOOP_ANALYSIS = YES;
				CLANG_WARN_STRICT_PROTOTYPES = YES;
				CLANG_WARN_SUSPICIOUS_MOVE = YES;
				CLANG_WARN_UNGUARDED_AVAILABILITY = YES_AGGRESSIVE;
				CLANG_WARN_UNREACHABLE_CODE = YES;
				CLANG_WARN__DUPLICATE_METHOD_MATCH = YES;
				COPY_PHASE_STRIP = NO;
				DEBUG_INFORMATION_FORMAT = dwarf;
				DEVELOPMENT_TEAM = S462J4M5ZT;
				ENABLE_STRICT_OBJC_MSGSEND = YES;
				ENABLE_TESTABILITY = YES;
				ENABLE_USER_SCRIPT_SANDBOXING = YES;
				GCC_C_LANGUAGE_STANDARD = gnu17;
				GCC_DYNAMIC_NO_PIC = NO;
				GCC_NO_COMMON_BLOCKS = YES;
				GCC_OPTIMIZATION_LEVEL = 0;
				GCC_PREPROCESSOR_DEFINITIONS = (
					"DEBUG=1",
					"$(inherited)",
				);
				GCC_WARN_64_TO_32_BIT_CONVERSION = YES;
				GCC_WARN_ABOUT_RETURN_TYPE = YES_ERROR;
				GCC_WARN_UNDECLARED_SELECTOR = YES;
				GCC_WARN_UNINITIALIZED_AUTOS = YES_AGGRESSIVE;
				GCC_WARN_UNUSED_FUNCTION = YES;
				GCC_WARN_UNUSED_VARIABLE = YES;
				LOCALIZATION_PREFERS_STRING_CATALOGS = YES;
				MACOSX_DEPLOYMENT_TARGET = 26.0;
				MTL_ENABLE_DEBUG_INFO = INCLUDE_SOURCE;
				MTL_FAST_MATH = YES;
				ONLY_ACTIVE_ARCH = YES;
				SDKROOT = macosx;
				SWIFT_ACTIVE_COMPILATION_CONDITIONS = "DEBUG $(inherited)";
				SWIFT_OPTIMIZATION_LEVEL = "-Onone";
			};
			name = Debug;
		};
		9F2D8BF32F9CAF4900CDBC71 /* Release */ = {
			isa = XCBuildConfiguration;
			buildSettings = {
				ALWAYS_SEARCH_USER_PATHS = NO;
				ASSETCATALOG_COMPILER_GENERATE_SWIFT_ASSET_SYMBOL_EXTENSIONS = YES;
				CLANG_ANALYZER_NONNULL = YES;
				CLANG_ANALYZER_NUMBER_OBJECT_CONVERSION = YES_AGGRESSIVE;
				CLANG_CXX_LANGUAGE_STANDARD = "gnu++20";
				CLANG_ENABLE_MODULES = YES;
				CLANG_ENABLE_OBJC_ARC = YES;
				CLANG_ENABLE_OBJC_WEAK = YES;
				CLANG_WARN_BLOCK_CAPTURE_AUTORELEASING = YES;
				CLANG_WARN_BOOL_CONVERSION = YES;
				CLANG_WARN_COMMA = YES;
				CLANG_WARN_CONSTANT_CONVERSION = YES;
				CLANG_WARN_DEPRECATED_OBJC_IMPLEMENTATIONS = YES;
				CLANG_WARN_DIRECT_OBJC_ISA_USAGE = YES_ERROR;
				CLANG_WARN_DOCUMENTATION_COMMENTS = YES;
				CLANG_WARN_EMPTY_BODY = YES;
				CLANG_WARN_ENUM_CONVERSION = YES;
				CLANG_WARN_INFINITE_RECURSION = YES;
				CLANG_WARN_INT_CONVERSION = YES;
				CLANG_WARN_NON_LITERAL_NULL_CONVERSION = YES;
				CLANG_WARN_OBJC_IMPLICIT_RETAIN_SELF = YES;
				CLANG_WARN_OBJC_LITERAL_CONVERSION = YES;
				CLANG_WARN_OBJC_ROOT_CLASS = YES_ERROR;
				CLANG_WARN_QUOTED_INCLUDE_IN_FRAMEWORK_HEADER = YES;
				CLANG_WARN_RANGE_LOOP_ANALYSIS = YES;
				CLANG_WARN_STRICT_PROTOTYPES = YES;
				CLANG_WARN_SUSPICIOUS_MOVE = YES;
				CLANG_WARN_UNGUARDED_AVAILABILITY = YES_AGGRESSIVE;
				CLANG_WARN_UNREACHABLE_CODE = YES;
				CLANG_WARN__DUPLICATE_METHOD_MATCH = YES;
				COPY_PHASE_STRIP = NO;
				DEBUG_INFORMATION_FORMAT = "dwarf-with-dsym";
				DEVELOPMENT_TEAM = S462J4M5ZT;
				ENABLE_NS_ASSERTIONS = NO;
				ENABLE_STRICT_OBJC_MSGSEND = YES;
				ENABLE_USER_SCRIPT_SANDBOXING = YES;
				GCC_C_LANGUAGE_STANDARD = gnu17;
				GCC_NO_COMMON_BLOCKS = YES;
				GCC_WARN_64_TO_32_BIT_CONVERSION = YES;
				GCC_WARN_ABOUT_RETURN_TYPE = YES_ERROR;
				GCC_WARN_UNDECLARED_SELECTOR = YES;
				GCC_WARN_UNINITIALIZED_AUTOS = YES_AGGRESSIVE;
				GCC_WARN_UNUSED_FUNCTION = YES;
				GCC_WARN_UNUSED_VARIABLE = YES;
				LOCALIZATION_PREFERS_STRING_CATALOGS = YES;
				MACOSX_DEPLOYMENT_TARGET = 26.0;
				MTL_ENABLE_DEBUG_INFO = NO;
				MTL_FAST_MATH = YES;
				SDKROOT = macosx;
				SWIFT_COMPILATION_MODE = wholemodule;
			};
			name = Release;
		};
		9F2D8BF52F9CAF4900CDBC71 /* Debug */ = {
			isa = XCBuildConfiguration;
			buildSettings = {
				ASSETCATALOG_COMPILER_APPICON_NAME = AppIcon;
				ASSETCATALOG_COMPILER_GLOBAL_ACCENT_COLOR_NAME = AccentColor;
				CODE_SIGN_ENTITLEMENTS = "Diff Prompter/Diff_Prompter.entitlements";
				"CODE_SIGN_IDENTITY[sdk=macosx*]" = "Apple Development";
				CODE_SIGN_STYLE = Automatic;
				COMBINE_HIDPI_IMAGES = YES;
				CURRENT_PROJECT_VERSION = 1;
				DEVELOPMENT_TEAM = S462J4M5ZT;
				ENABLE_APP_SANDBOX = YES;
				ENABLE_HARDENED_RUNTIME = YES;
				ENABLE_PREVIEWS = YES;
				GENERATE_INFOPLIST_FILE = YES;
				INFOPLIST_KEY_NSHumanReadableCopyright = "Copyright © 2025 Adrian Price. All rights reserved.";
				LD_RUNPATH_SEARCH_PATHS = (
					"$(inherited)",
					"@executable_path/../Frameworks",
				);
				MARKETING_VERSION = 1.0;
				PRODUCT_BUNDLE_IDENTIFIER = "com.adrianprice.Diff-Prompter";
				PRODUCT_NAME = "$(TARGET_NAME)";
				STRING_CATALOG_GENERATE_SYMBOLS = YES;
				SWIFT_APPROACHABLE_CONCURRENCY = YES;
				SWIFT_DEFAULT_ACTOR_ISOLATION = MainActor;
				SWIFT_EMIT_LOC_STRINGS = YES;
				SWIFT_UPCOMING_FEATURE_MEMBER_IMPORT_VISIBILITY = YES;
				SWIFT_VERSION = 5.0;
			};
			name = Debug;
		};
		9F2D8BF62F9CAF4900CDBC71 /* Release */ = {
			isa = XCBuildConfiguration;
			buildSettings = {
				ASSETCATALOG_COMPILER_APPICON_NAME = AppIcon;
				ASSETCATALOG_COMPILER_GLOBAL_ACCENT_COLOR_NAME = AccentColor;
				CODE_SIGN_ENTITLEMENTS = "Diff Prompter/Diff_Prompter.entitlements";
				"CODE_SIGN_IDENTITY[sdk=macosx*]" = "Apple Development";
				CODE_SIGN_STYLE = Automatic;
				COMBINE_HIDPI_IMAGES = YES;
				CURRENT_PROJECT_VERSION = 1;
				DEVELOPMENT_TEAM = S462J4M5ZT;
				ENABLE_APP_SANDBOX = YES;
				ENABLE_HARDENED_RUNTIME = YES;
				ENABLE_PREVIEWS = YES;
				GENERATE_INFOPLIST_FILE = YES;
				INFOPLIST_KEY_NSHumanReadableCopyright = "Copyright © 2025 Adrian Price. All rights reserved.";
				LD_RUNPATH_SEARCH_PATHS = (
					"$(inherited)",
					"@executable_path/../Frameworks",
				);
				MARKETING_VERSION = 1.0;
				PRODUCT_BUNDLE_IDENTIFIER = "com.adrianprice.Diff-Prompter";
				PRODUCT_NAME = "$(TARGET_NAME)";
				STRING_CATALOG_GENERATE_SYMBOLS = YES;
				SWIFT_APPROACHABLE_CONCURRENCY = YES;
				SWIFT_DEFAULT_ACTOR_ISOLATION = MainActor;
				SWIFT_EMIT_LOC_STRINGS = YES;
				SWIFT_UPCOMING_FEATURE_MEMBER_IMPORT_VISIBILITY = YES;
				SWIFT_VERSION = 5.0;
			};
			name = Release;
		};
		9F2D8BF82F9CAF4900CDBC71 /* Debug */ = {
			isa = XCBuildConfiguration;
			buildSettings = {
				BUNDLE_LOADER = "$(TEST_HOST)";
				CODE_SIGN_STYLE = Automatic;
				CURRENT_PROJECT_VERSION = 1;
				DEVELOPMENT_TEAM = S462J4M5ZT;
				GENERATE_INFOPLIST_FILE = YES;
				MACOSX_DEPLOYMENT_TARGET = 26.0;
				MARKETING_VERSION = 1.0;
				PRODUCT_BUNDLE_IDENTIFIER = "adrianprice.Diff-PrompterTests";
				PRODUCT_NAME = "$(TARGET_NAME)";
				STRING_CATALOG_GENERATE_SYMBOLS = NO;
				SWIFT_APPROACHABLE_CONCURRENCY = YES;
				SWIFT_EMIT_LOC_STRINGS = NO;
				SWIFT_UPCOMING_FEATURE_MEMBER_IMPORT_VISIBILITY = YES;
				SWIFT_VERSION = 5.0;
				TEST_HOST = "$(BUILT_PRODUCTS_DIR)/Diff Prompter.app/$(BUNDLE_EXECUTABLE_FOLDER_PATH)/Diff Prompter";
			};
			name = Debug;
		};
		9F2D8BF92F9CAF4900CDBC71 /* Release */ = {
			isa = XCBuildConfiguration;
			buildSettings = {
				BUNDLE_LOADER = "$(TEST_HOST)";
				CODE_SIGN_STYLE = Automatic;
				CURRENT_PROJECT_VERSION = 1;
				DEVELOPMENT_TEAM = S462J4M5ZT;
				GENERATE_INFOPLIST_FILE = YES;
				MACOSX_DEPLOYMENT_TARGET = 26.0;
				MARKETING_VERSION = 1.0;
				PRODUCT_BUNDLE_IDENTIFIER = "adrianprice.Diff-PrompterTests";
				PRODUCT_NAME = "$(TARGET_NAME)";
				STRING_CATALOG_GENERATE_SYMBOLS = NO;
				SWIFT_APPROACHABLE_CONCURRENCY = YES;
				SWIFT_EMIT_LOC_STRINGS = NO;
				SWIFT_UPCOMING_FEATURE_MEMBER_IMPORT_VISIBILITY = YES;
				SWIFT_VERSION = 5.0;
				TEST_HOST = "$(BUILT_PRODUCTS_DIR)/Diff Prompter.app/$(BUNDLE_EXECUTABLE_FOLDER_PATH)/Diff Prompter";
			};
			name = Release;
		};
		9F2D8BFB2F9CAF4900CDBC71 /* Debug */ = {
			isa = XCBuildConfiguration;
			buildSettings = {
				CODE_SIGN_STYLE = Automatic;
				CURRENT_PROJECT_VERSION = 1;
				DEVELOPMENT_TEAM = S462J4M5ZT;
				GENERATE_INFOPLIST_FILE = YES;
				MARKETING_VERSION = 1.0;
				PRODUCT_BUNDLE_IDENTIFIER = "adrianprice.Diff-PrompterUITests";
				PRODUCT_NAME = "$(TARGET_NAME)";
				STRING_CATALOG_GENERATE_SYMBOLS = NO;
				SWIFT_APPROACHABLE_CONCURRENCY = YES;
				SWIFT_EMIT_LOC_STRINGS = NO;
				SWIFT_UPCOMING_FEATURE_MEMBER_IMPORT_VISIBILITY = YES;
				SWIFT_VERSION = 5.0;
				TEST_TARGET_NAME = "Diff Prompter";
			};
			name = Debug;
		};
		9F2D8BFC2F9CAF4900CDBC71 /* Release */ = {
			isa = XCBuildConfiguration;
			buildSettings = {
				CODE_SIGN_STYLE = Automatic;
				CURRENT_PROJECT_VERSION = 1;
				DEVELOPMENT_TEAM = S462J4M5ZT;
				GENERATE_INFOPLIST_FILE = YES;
				MARKETING_VERSION = 1.0;
				PRODUCT_BUNDLE_IDENTIFIER = "adrianprice.Diff-PrompterUITests";
				PRODUCT_NAME = "$(TARGET_NAME)";
				STRING_CATALOG_GENERATE_SYMBOLS = NO;
				SWIFT_APPROACHABLE_CONCURRENCY = YES;
				SWIFT_EMIT_LOC_STRINGS = NO;
				SWIFT_UPCOMING_FEATURE_MEMBER_IMPORT_VISIBILITY = YES;
				SWIFT_VERSION = 5.0;
				TEST_TARGET_NAME = "Diff Prompter";
			};
			name = Release;
		};
/* End XCBuildConfiguration section */

/* Begin XCConfigurationList section */
		9F2D8BCE2F9CAF4800CDBC71 /* Build configuration list for PBXProject "Diff Prompter" */ = {
			isa = XCConfigurationList;
			buildConfigurations = (
				9F2D8BF22F9CAF4900CDBC71 /* Debug */,
				9F2D8BF32F9CAF4900CDBC71 /* Release */,
			);
			defaultConfigurationIsVisible = 0;
			defaultConfigurationName = Release;
		};
		9F2D8BF42F9CAF4900CDBC71 /* Build configuration list for PBXNativeTarget "Diff Prompter" */ = {
			isa = XCConfigurationList;
			buildConfigurations = (
				9F2D8BF52F9CAF4900CDBC71 /* Debug */,
				9F2D8BF62F9CAF4900CDBC71 /* Release */,
			);
			defaultConfigurationIsVisible = 0;
			defaultConfigurationName = Release;
		};
		9F2D8BF72F9CAF4900CDBC71 /* Build configuration list for PBXNativeTarget "Diff PrompterTests" */ = {
			isa = XCConfigurationList;
			buildConfigurations = (
				9F2D8BF82F9CAF4900CDBC71 /* Debug */,
				9F2D8BF92F9CAF4900CDBC71 /* Release */,
			);
			defaultConfigurationIsVisible = 0;
			defaultConfigurationName = Release;
		};
		9F2D8BFA2F9CAF4900CDBC71 /* Build configuration list for PBXNativeTarget "Diff PrompterUITests" */ = {
			isa = XCConfigurationList;
			buildConfigurations = (
				9F2D8BFB2F9CAF4900CDBC71 /* Debug */,
				9F2D8BFC2F9CAF4900CDBC71 /* Release */,
			);
			defaultConfigurationIsVisible = 0;
			defaultConfigurationName = Release;
		};
/* End XCConfigurationList section */

/* Begin XCRemoteSwiftPackageReference section */
		AA000002AAAA000000000002 /* XCRemoteSwiftPackageReference "SwiftGitX" */ = {
			isa = XCRemoteSwiftPackageReference;
			repositoryURL = "https://github.com/ibrahimcetin/SwiftGitX.git";
			requirement = {
				kind = upToNextMajorVersion;
				minimumVersion = 0.4.0;
			};
		};
/* End XCRemoteSwiftPackageReference section */

/* Begin XCSwiftPackageProductDependency section */
		AA000001AAAA000000000001 /* SwiftGitX */ = {
			isa = XCSwiftPackageProductDependency;
			package = AA000002AAAA000000000002 /* XCRemoteSwiftPackageReference "SwiftGitX" */;
			productName = SwiftGitX;
		};
/* End XCSwiftPackageProductDependency section */
	};
	rootObject = 9F2D8BCB2F9CAF4800CDBC71 /* Project object */;
}
