{
  "originHash" : "bf918d09d970c2ef7b920ae0a9c86da5ad0d134da1e577388b2a3cc861739bbd",
  "pins" : [
    {
      "identity" : "highlighterswift",
      "kind" : "remoteSourceControl",
      "location" : "https://github.com/smittytone/HighlighterSwift.git",
      "state" : {
        "revision" : "81f2ab8f65eeec0b18e1a03f1dac369a159d0368",
        "version" : "3.0.3"
      }
    },
    {
      "identity" : "libgit2",
      "kind" : "remoteSourceControl",
      "location" : "https://github.com/ibrahimcetin/libgit2.git",
      "state" : {
        "revision" : "52287b0914f300f916b58fec80e13d8dd8f6824f",
        "version" : "1.9.2"
      }
    },
    {
      "identity" : "swiftgitx",
      "kind" : "remoteSourceControl",
      "location" : "https://github.com/ibrahimcetin/SwiftGitX.git",
      "state" : {
        "revision" : "fcfb71e3dcbbaa70d120b98b7477ce173074aec3",
        "version" : "0.4.0"
      }
    }
  ],
  "version" : 3
}
